
Microsoft Visual Studio Solution File, Format Version 12.00
# Visual Studio Version 16
VisualStudioVersion = 16.0.28711.60
MinimumVisualStudioVersion = 10.0.40219.1
Project("{FAE04EC0-301F-11D3-BF4B-00C04F79EFBC}") = "RestoreIdeUI", "RestoreIdeUI\RestoreIdeUI.csproj", "{19146CA3-A82A-4C2F-8CEC-D12A3FF23E08}"
EndProject
Project("{2150E333-8FDC-42A3-9474-1A3956D46DE8}") = "Repo items", "Repo items", "{2943A2FB-0CC1-4811-A44C-444CC35FD897}"
	ProjectSection(SolutionItems) = preProject
		.gitignore = .gitignore
		appveyor.yml = appveyor.yml
		BuildVersion.xml = BuildVersion.xml
		Directory.Build.props = Directory.Build.props
		Directory.Build.targets = Directory.Build.targets
		LICENSE = LICENSE
		NuGet.Config = NuGet.Config
		README.md = README.md
		stylecop.json = stylecop.json
		Ubiquity.NET.ruleset = Ubiquity.NET.ruleset
	EndProjectSection
EndProject
Global
	GlobalSection(SolutionConfigurationPlatforms) = preSolution
		Debug|Any CPU = Debug|Any CPU
		Release|Any CPU = Release|Any CPU
	EndGlobalSection
	GlobalSection(ProjectConfigurationPlatforms) = postSolution
		{19146CA3-A82A-4C2F-8CEC-D12A3FF23E08}.Debug|Any CPU.ActiveCfg = Debug|Any CPU
		{19146CA3-A82A-4C2F-8CEC-D12A3FF23E08}.Debug|Any CPU.Build.0 = Debug|Any CPU
		{19146CA3-A82A-4C2F-8CEC-D12A3FF23E08}.Release|Any CPU.ActiveCfg = Release|Any CPU
		{19146CA3-A82A-4C2F-8CEC-D12A3FF23E08}.Release|Any CPU.Build.0 = Release|Any CPU
	EndGlobalSection
	GlobalSection(SolutionProperties) = preSolution
		HideSolutionNode = FALSE
	EndGlobalSection
	GlobalSection(ExtensibilityGlobals) = postSolution
		SolutionGuid = {1E0A335D-FB46-499E-9148-D405F1CD96E3}
	EndGlobalSection
EndGlobal
